
Microsoft Visual Studio Solution File, Format Version 12.00
# Visual Studio Version 17
VisualStudioVersion = 17.13.35806.99
MinimumVisualStudioVersion = 10.0.40219.1
Project("{9A19103F-16F7-4668-BE54-9A1E7A4F7556}") = "ASPA007_1", "ASPA007_1\ASPA007_1.csproj", "{068C17B4-8ED2-4691-9DD4-B2511C19ADB5}"
EndProject
Project("{FAE04EC0-301F-11D3-BF4B-00C04F79EFBC}") = "DAL_Celebrity", "DAL_Celebrity\DAL_Celebrity.csproj", "{CE3658C5-3300-4DDF-A2AE-7607A364F120}"
EndProject
Project("{FAE04EC0-301F-11D3-BF4B-00C04F79EFBC}") = "DAL_Celebrity_MSSQL", "DAL_Celebrity_MSSQL\DAL_Celebrity_MSSQL.csproj", "{ED2A0584-381E-436D-AF27-C1FE7CB72153}"
EndProject
Global
	GlobalSection(SolutionConfigurationPlatforms) = preSolution
		Debug|Any CPU = Debug|Any CPU
		Release|Any CPU = Release|Any CPU
	EndGlobalSection
	GlobalSection(ProjectConfigurationPlatforms) = postSolution
		{068C17B4-8ED2-4691-9DD4-B2511C19ADB5}.Debug|Any CPU.ActiveCfg = Debug|Any CPU
		{068C17B4-8ED2-4691-9DD4-B2511C19ADB5}.Debug|Any CPU.Build.0 = Debug|Any CPU
		{068C17B4-8ED2-4691-9DD4-B2511C19ADB5}.Release|Any CPU.ActiveCfg = Release|Any CPU
		{068C17B4-8ED2-4691-9DD4-B2511C19ADB5}.Release|Any CPU.Build.0 = Release|Any CPU
		{CE3658C5-3300-4DDF-A2AE-7607A364F120}.Debug|Any CPU.ActiveCfg = Debug|Any CPU
		{CE3658C5-3300-4DDF-A2AE-7607A364F120}.Debug|Any CPU.Build.0 = Debug|Any CPU
		{CE3658C5-3300-4DDF-A2AE-7607A364F120}.Release|Any CPU.ActiveCfg = Release|Any CPU
		{CE3658C5-3300-4DDF-A2AE-7607A364F120}.Release|Any CPU.Build.0 = Release|Any CPU
		{ED2A0584-381E-436D-AF27-C1FE7CB72153}.Debug|Any CPU.ActiveCfg = Debug|Any CPU
		{ED2A0584-381E-436D-AF27-C1FE7CB72153}.Debug|Any CPU.Build.0 = Debug|Any CPU
		{ED2A0584-381E-436D-AF27-C1FE7CB72153}.Release|Any CPU.ActiveCfg = Release|Any CPU
		{ED2A0584-381E-436D-AF27-C1FE7CB72153}.Release|Any CPU.Build.0 = Release|Any CPU
	EndGlobalSection
	GlobalSection(SolutionProperties) = preSolution
		HideSolutionNode = FALSE
	EndGlobalSection
	GlobalSection(ExtensibilityGlobals) = postSolution
		SolutionGuid = {BF102F8C-94ED-4A6B-A136-DA71D61FF390}
	EndGlobalSection
EndGlobal
