
Microsoft Visual Studio Solution File, Format Version 12.00
Project("{FAE04EC0-301F-11D3-BF4B-00C04F79EFBC}") = "lab01", "lab01\lab01.csproj", "{BC4AABCC-ABE9-4A6A-87D3-CAE5369E277E}"
EndProject
Global
	GlobalSection(SolutionConfigurationPlatforms) = preSolution
		Debug|Any CPU = Debug|Any CPU
		Release|Any CPU = Release|Any CPU
	EndGlobalSection
	GlobalSection(ProjectConfigurationPlatforms) = postSolution
		{BC4AABCC-ABE9-4A6A-87D3-CAE5369E277E}.Debug|Any CPU.ActiveCfg = Debug|Any CPU
		{BC4AABCC-ABE9-4A6A-87D3-CAE5369E277E}.Debug|Any CPU.Build.0 = Debug|Any CPU
		{BC4AABCC-ABE9-4A6A-87D3-CAE5369E277E}.Release|Any CPU.ActiveCfg = Release|Any CPU
		{BC4AABCC-ABE9-4A6A-87D3-CAE5369E277E}.Release|Any CPU.Build.0 = Release|Any CPU
	EndGlobalSection
EndGlobal
