
Microsoft Visual Studio Solution File, Format Version 12.00
# Visual Studio Version 17
VisualStudioVersion = 17.12.35527.113
MinimumVisualStudioVersion = 10.0.40219.1
Project("{FAE04EC0-301F-11D3-BF4B-00C04F79EFBC}") = "DAL004", "DAL004\DAL004.csproj", "{793890A1-9B64-4462-8288-93E37BAEF17D}"
EndProject
Project("{FAE04EC0-301F-11D3-BF4B-00C04F79EFBC}") = "ASPA004_1", "ASPA004_1\ASPA004_1.csproj", "{562AFE29-1F5A-4511-B997-E4591E81B78E}"
EndProject
Project("{FAE04EC0-301F-11D3-BF4B-00C04F79EFBC}") = "Test_DAL004", "Test_DAL004\Test_DAL004.csproj", "{B0AD506B-CB75-46D5-972A-082DB2FFDBB0}"
EndProject
Project("{FAE04EC0-301F-11D3-BF4B-00C04F79EFBC}") = "ASPA004_2", "ASPA004_2\ASPA004_2.csproj", "{970E3160-2249-4709-A32B-667C87BE066C}"
EndProject
Project("{FAE04EC0-301F-11D3-BF4B-00C04F79EFBC}") = "ASPA004_3", "ASPA004_3\ASPA004_3.csproj", "{3848BA69-638D-4120-9B22-585EF23B19A3}"
EndProject
Project("{FAE04EC0-301F-11D3-BF4B-00C04F79EFBC}") = "ASPA005_1", "ASPA005_1\ASPA005_1.csproj", "{53D8C5B2-D485-4429-ACCB-5E447A04806B}"
EndProject
Project("{FAE04EC0-301F-11D3-BF4B-00C04F79EFBC}") = "ASPA005_2", "ASPA005_2\ASPA005_2.csproj", "{E0C633FA-9BF6-4A53-9477-4286D893D3DF}"
EndProject
Project("{FAE04EC0-301F-11D3-BF4B-00C04F79EFBC}") = "ASPA005_3", "ASPA005_3\ASPA005_3.csproj", "{53C6DEAF-9AC9-454D-A891-035281164A86}"
EndProject
Project("{FAE04EC0-301F-11D3-BF4B-00C04F79EFBC}") = "Test_ASPA005_3", "Test_ASPA005_3\Test_ASPA005_3.csproj", "{4FC9901F-357E-42A3-A557-4A563DAD08A6}"
EndProject
Global
	GlobalSection(SolutionConfigurationPlatforms) = preSolution
		Debug|Any CPU = Debug|Any CPU
		Release|Any CPU = Release|Any CPU
	EndGlobalSection
	GlobalSection(ProjectConfigurationPlatforms) = postSolution
		{793890A1-9B64-4462-8288-93E37BAEF17D}.Debug|Any CPU.ActiveCfg = Debug|Any CPU
		{793890A1-9B64-4462-8288-93E37BAEF17D}.Debug|Any CPU.Build.0 = Debug|Any CPU
		{793890A1-9B64-4462-8288-93E37BAEF17D}.Release|Any CPU.ActiveCfg = Release|Any CPU
		{793890A1-9B64-4462-8288-93E37BAEF17D}.Release|Any CPU.Build.0 = Release|Any CPU
		{562AFE29-1F5A-4511-B997-E4591E81B78E}.Debug|Any CPU.ActiveCfg = Debug|Any CPU
		{562AFE29-1F5A-4511-B997-E4591E81B78E}.Debug|Any CPU.Build.0 = Debug|Any CPU
		{562AFE29-1F5A-4511-B997-E4591E81B78E}.Release|Any CPU.ActiveCfg = Release|Any CPU
		{562AFE29-1F5A-4511-B997-E4591E81B78E}.Release|Any CPU.Build.0 = Release|Any CPU
		{B0AD506B-CB75-46D5-972A-082DB2FFDBB0}.Debug|Any CPU.ActiveCfg = Debug|Any CPU
		{B0AD506B-CB75-46D5-972A-082DB2FFDBB0}.Debug|Any CPU.Build.0 = Debug|Any CPU
		{B0AD506B-CB75-46D5-972A-082DB2FFDBB0}.Release|Any CPU.ActiveCfg = Release|Any CPU
		{B0AD506B-CB75-46D5-972A-082DB2FFDBB0}.Release|Any CPU.Build.0 = Release|Any CPU
		{970E3160-2249-4709-A32B-667C87BE066C}.Debug|Any CPU.ActiveCfg = Debug|Any CPU
		{970E3160-2249-4709-A32B-667C87BE066C}.Debug|Any CPU.Build.0 = Debug|Any CPU
		{970E3160-2249-4709-A32B-667C87BE066C}.Release|Any CPU.ActiveCfg = Release|Any CPU
		{970E3160-2249-4709-A32B-667C87BE066C}.Release|Any CPU.Build.0 = Release|Any CPU
		{3848BA69-638D-4120-9B22-585EF23B19A3}.Debug|Any CPU.ActiveCfg = Debug|Any CPU
		{3848BA69-638D-4120-9B22-585EF23B19A3}.Debug|Any CPU.Build.0 = Debug|Any CPU
		{3848BA69-638D-4120-9B22-585EF23B19A3}.Release|Any CPU.ActiveCfg = Release|Any CPU
		{3848BA69-638D-4120-9B22-585EF23B19A3}.Release|Any CPU.Build.0 = Release|Any CPU
		{53D8C5B2-D485-4429-ACCB-5E447A04806B}.Debug|Any CPU.ActiveCfg = Debug|Any CPU
		{53D8C5B2-D485-4429-ACCB-5E447A04806B}.Debug|Any CPU.Build.0 = Debug|Any CPU
		{53D8C5B2-D485-4429-ACCB-5E447A04806B}.Release|Any CPU.ActiveCfg = Release|Any CPU
		{53D8C5B2-D485-4429-ACCB-5E447A04806B}.Release|Any CPU.Build.0 = Release|Any CPU
		{E0C633FA-9BF6-4A53-9477-4286D893D3DF}.Debug|Any CPU.ActiveCfg = Debug|Any CPU
		{E0C633FA-9BF6-4A53-9477-4286D893D3DF}.Debug|Any CPU.Build.0 = Debug|Any CPU
		{E0C633FA-9BF6-4A53-9477-4286D893D3DF}.Release|Any CPU.ActiveCfg = Release|Any CPU
		{E0C633FA-9BF6-4A53-9477-4286D893D3DF}.Release|Any CPU.Build.0 = Release|Any CPU
		{53C6DEAF-9AC9-454D-A891-035281164A86}.Debug|Any CPU.ActiveCfg = Debug|Any CPU
		{53C6DEAF-9AC9-454D-A891-035281164A86}.Debug|Any CPU.Build.0 = Debug|Any CPU
		{53C6DEAF-9AC9-454D-A891-035281164A86}.Release|Any CPU.ActiveCfg = Release|Any CPU
		{53C6DEAF-9AC9-454D-A891-035281164A86}.Release|Any CPU.Build.0 = Release|Any CPU
		{4FC9901F-357E-42A3-A557-4A563DAD08A6}.Debug|Any CPU.ActiveCfg = Debug|Any CPU
		{4FC9901F-357E-42A3-A557-4A563DAD08A6}.Debug|Any CPU.Build.0 = Debug|Any CPU
		{4FC9901F-357E-42A3-A557-4A563DAD08A6}.Release|Any CPU.ActiveCfg = Release|Any CPU
		{4FC9901F-357E-42A3-A557-4A563DAD08A6}.Release|Any CPU.Build.0 = Release|Any CPU
	EndGlobalSection
	GlobalSection(SolutionProperties) = preSolution
		HideSolutionNode = FALSE
	EndGlobalSection
EndGlobal
